// !$*UTF8*$!
{
	archiveVersion = 1;
	classes = {
	};
	objectVersion = 50;
	objects = {

/* Begin PBXBuildFile section */
		7F5EA2D1240E64D200EAE822 /* Singleton.swift in Sources */ = {isa = PBXBuildFile; fileRef = 7F5EA2D0240E64D200EAE822 /* Singleton.swift */; };
		A404D613240E5A890048289C /* AppDelegate.swift in Sources */ = {isa = PBXBuildFile; fileRef = A404D612240E5A890048289C /* AppDelegate.swift */; };
		A404D615240E5A890048289C /* SceneDelegate.swift in Sources */ = {isa = PBXBuildFile; fileRef = A404D614240E5A890048289C /* SceneDelegate.swift */; };
		A404D617240E5A890048289C /* ViewController.swift in Sources */ = {isa = PBXBuildFile; fileRef = A404D616240E5A890048289C /* ViewController.swift */; };
		A404D61A240E5A890048289C /* Main.storyboard in Resources */ = {isa = PBXBuildFile; fileRef = A404D618240E5A890048289C /* Main.storyboard */; };
		A404D61C240E5A8C0048289C /* Assets.xcassets in Resources */ = {isa = PBXBuildFile; fileRef = A404D61B240E5A8C0048289C /* Assets.xcassets */; };
		A404D61F240E5A8C0048289C /* LaunchScreen.storyboard in Resources */ = {isa = PBXBuildFile; fileRef = A404D61D240E5A8C0048289C /* LaunchScreen.storyboard */; };
/* End PBXBuildFile section */

/* Begin PBXFileReference section */
		7F5EA2D0240E64D200EAE822 /* Singleton.swift */ = {isa = PBXFileReference; lastKnownFileType = sourcecode.swift; path = Singleton.swift; sourceTree = "<group>"; };
		A404D60F240E5A890048289C /* SingletonApp2.app */ = {isa = PBXFileReference; explicitFileType = wrapper.application; includeInIndex = 0; path = SingletonApp2.app; sourceTree = BUILT_PRODUCTS_DIR; };
		A404D612240E5A890048289C /* AppDelegate.swift */ = {isa = PBXFileReference; lastKnownFileType = sourcecode.swift; path = AppDelegate.swift; sourceTree = "<group>"; };
		A404D614240E5A890048289C /* SceneDelegate.swift */ = {isa = PBXFileReference; lastKnownFileType = sourcecode.swift; path = SceneDelegate.swift; sourceTree = "<group>"; };
		A404D616240E5A890048289C /* ViewController.swift */ = {isa = PBXFileReference; lastKnownFileType = sourcecode.swift; path = ViewController.swift; sourceTree = "<group>"; };
		A404D619240E5A890048289C /* Base */ = {isa = PBXFileReference; lastKnownFileType = file.storyboard; name = Base; path = Base.lproj/Main.storyboard; sourceTree = "<group>"; };
		A404D61B240E5A8C0048289C /* Assets.xcassets */ = {isa = PBXFileReference; lastKnownFileType = folder.assetcatalog; path = Assets.xcassets; sourceTree = "<group>"; };
		A404D61E240E5A8C0048289C /* Base */ = {isa = PBXFileReference; lastKnownFileType = file.storyboard; name = Base; path = Base.lproj/LaunchScreen.storyboard; sourceTree = "<group>"; };
		A404D620240E5A8C0048289C /* Info.plist */ = {isa = PBXFileReference; lastKnownFileType = text.plist.xml; path = Info.plist; sourceTree = "<group>"; };
/* End PBXFileReference section */

/* Begin PBXFrameworksBuildPhase section */
		A404D60C240E5A890048289C /* Frameworks */ = {
			isa = PBXFrameworksBuildPhase;
			buildActionMask = 2147483647;
			files = (
			);
			runOnlyForDeploymentPostprocessing = 0;
		};
/* End PBXFrameworksBuildPhase section */

/* Begin PBXGroup section */
		7F5EA2D2240E65D900EAE822 /* Controller */ = {
			isa = PBXGroup;
			children = (
				7F5EA2D6240E661900EAE822 /* System */,
				7F5EA2D5240E661000EAE822 /* VC */,
				A404D614240E5A890048289C /* SceneDelegate.swift */,
				A404D612240E5A890048289C /* AppDelegate.swift */,
			);
			path = Controller;
			sourceTree = "<group>";
		};
		7F5EA2D3240E65E700EAE822 /* View */ = {
			isa = PBXGroup;
			children = (
				A404D618240E5A890048289C /* Main.storyboard */,
				A404D61D240E5A8C0048289C /* LaunchScreen.storyboard */,
				A404D61B240E5A8C0048289C /* Assets.xcassets */,
			);
			path = View;
			sourceTree = "<group>";
		};
		7F5EA2D4240E65ED00EAE822 /* Model */ = {
			isa = PBXGroup;
			children = (
			);
			path = Model;
			sourceTree = "<group>";
		};
		7F5EA2D5240E661000EAE822 /* VC */ = {
			isa = PBXGroup;
			children = (
				A404D616240E5A890048289C /* ViewController.swift */,
			);
			path = VC;
			sourceTree = "<group>";
		};
		7F5EA2D6240E661900EAE822 /* System */ = {
			isa = PBXGroup;
			children = (
				7F5EA2D0240E64D200EAE822 /* Singleton.swift */,
			);
			path = System;
			sourceTree = "<group>";
		};
		A404D606240E5A890048289C = {
			isa = PBXGroup;
			children = (
				A404D611240E5A890048289C /* SingletonApp2 */,
				A404D610240E5A890048289C /* Products */,
			);
			sourceTree = "<group>";
		};
		A404D610240E5A890048289C /* Products */ = {
			isa = PBXGroup;
			children = (
				A404D60F240E5A890048289C /* SingletonApp2.app */,
			);
			name = Products;
			sourceTree = "<group>";
		};
		A404D611240E5A890048289C /* SingletonApp2 */ = {
			isa = PBXGroup;
			children = (
				7F5EA2D4240E65ED00EAE822 /* Model */,
				7F5EA2D3240E65E700EAE822 /* View */,
				7F5EA2D2240E65D900EAE822 /* Controller */,
				A404D620240E5A8C0048289C /* Info.plist */,
			);
			path = SingletonApp2;
			sourceTree = "<group>";
		};
/* End PBXGroup section */

/* Begin PBXNativeTarget section */
		A404D60E240E5A890048289C /* SingletonApp2 */ = {
			isa = PBXNativeTarget;
			buildConfigurationList = A404D623240E5A8C0048289C /* Build configuration list for PBXNativeTarget "SingletonApp2" */;
			buildPhases = (
				A404D60B240E5A890048289C /* Sources */,
				A404D60C240E5A890048289C /* Frameworks */,
				A404D60D240E5A890048289C /* Resources */,
			);
			buildRules = (
			);
			dependencies = (
			);
			name = SingletonApp2;
			productName = SingletonApp2;
			productReference = A404D60F240E5A890048289C /* SingletonApp2.app */;
			productType = "com.apple.product-type.application";
		};
/* End PBXNativeTarget section */

/* Begin PBXProject section */
		A404D607240E5A890048289C /* Project object */ = {
			isa = PBXProject;
			attributes = {
				LastSwiftUpdateCheck = 1140;
				LastUpgradeCheck = 1140;
				ORGANIZATIONNAME = "Fujii Yuta";
				TargetAttributes = {
					A404D60E240E5A890048289C = {
						CreatedOnToolsVersion = 11.4;
					};
				};
			};
			buildConfigurationList = A404D60A240E5A890048289C /* Build configuration list for PBXProject "SingletonApp2" */;
			compatibilityVersion = "Xcode 9.3";
			developmentRegion = en;
			hasScannedForEncodings = 0;
			knownRegions = (
				en,
				Base,
			);
			mainGroup = A404D606240E5A890048289C;
			productRefGroup = A404D610240E5A890048289C /* Products */;
			projectDirPath = "";
			projectRoot = "";
			targets = (
				A404D60E240E5A890048289C /* SingletonApp2 */,
			);
		};
/* End PBXProject section */

/* Begin PBXResourcesBuildPhase section */
		A404D60D240E5A890048289C /* Resources */ = {
			isa = PBXResourcesBuildPhase;
			buildActionMask = 2147483647;
			files = (
				A404D61F240E5A8C0048289C /* LaunchScreen.storyboard in Resources */,
				A404D61C240E5A8C0048289C /* Assets.xcassets in Resources */,
				A404D61A240E5A890048289C /* Main.storyboard in Resources */,
			);
			runOnlyForDeploymentPostprocessing = 0;
		};
/* End PBXResourcesBuildPhase section */

/* Begin PBXSourcesBuildPhase section */
		A404D60B240E5A890048289C /* Sources */ = {
			isa = PBXSourcesBuildPhase;
			buildActionMask = 2147483647;
			files = (
				A404D617240E5A890048289C /* ViewController.swift in Sources */,
				7F5EA2D1240E64D200EAE822 /* Singleton.swift in Sources */,
				A404D613240E5A890048289C /* AppDelegate.swift in Sources */,
				A404D615240E5A890048289C /* SceneDelegate.swift in Sources */,
			);
			runOnlyForDeploymentPostprocessing = 0;
		};
/* End PBXSourcesBuildPhase section */

/* Begin PBXVariantGroup section */
		A404D618240E5A890048289C /* Main.storyboard */ = {
			isa = PBXVariantGroup;
			children = (
				A404D619240E5A890048289C /* Base */,
			);
			name = Main.storyboard;
			sourceTree = "<group>";
		};
		A404D61D240E5A8C0048289C /* LaunchScreen.storyboard */ = {
			isa = PBXVariantGroup;
			children = (
				A404D61E240E5A8C0048289C /* Base */,
			);
			name = LaunchScreen.storyboard;
			sourceTree = "<group>";
		};
/* End PBXVariantGroup section */

/* Begin XCBuildConfiguration section */
		A404D621240E5A8C0048289C /* Debug */ = {
			isa = XCBuildConfiguration;
			buildSettings = {
				ALWAYS_SEARCH_USER_PATHS = NO;
				CLANG_ANALYZER_NONNULL = YES;
				CLANG_ANALYZER_NUMBER_OBJECT_CONVERSION = YES_AGGRESSIVE;
				CLANG_CXX_LANGUAGE_STANDARD = "gnu++14";
				CLANG_CXX_LIBRARY = "libc++";
				CLANG_ENABLE_MODULES = YES;
				CLANG_ENABLE_OBJC_ARC = YES;
				CLANG_ENABLE_OBJC_WEAK = YES;
				CLANG_WARN_BLOCK_CAPTURE_AUTORELEASING = YES;
				CLANG_WARN_BOOL_CONVERSION = YES;
				CLANG_WARN_COMMA = YES;
				CLANG_WARN_CONSTANT_CONVERSION = YES;
				CLANG_WARN_DEPRECATED_OBJC_IMPLEMENTATIONS = YES;
				CLANG_WARN_DIRECT_OBJC_ISA_USAGE = YES_ERROR;
				CLANG_WARN_DOCUMENTATION_COMMENTS = YES;
				CLANG_WARN_EMPTY_BODY = YES;
				CLANG_WARN_ENUM_CONVERSION = YES;
				CLANG_WARN_INFINITE_RECURSION = YES;
				CLANG_WARN_INT_CONVERSION = YES;
				CLANG_WARN_NON_LITERAL_NULL_CONVERSION = YES;
				CLANG_WARN_OBJC_IMPLICIT_RETAIN_SELF = YES;
				CLANG_WARN_OBJC_LITERAL_CONVERSION = YES;
				CLANG_WARN_OBJC_ROOT_CLASS = YES_ERROR;
				CLANG_WARN_RANGE_LOOP_ANALYSIS = YES;
				CLANG_WARN_STRICT_PROTOTYPES = YES;
				CLANG_WARN_SUSPICIOUS_MOVE = YES;
				CLANG_WARN_UNGUARDED_AVAILABILITY = YES_AGGRESSIVE;
				CLANG_WARN_UNREACHABLE_CODE = YES;
				CLANG_WARN__DUPLICATE_METHOD_MATCH = YES;
				COPY_PHASE_STRIP = NO;
				DEBUG_INFORMATION_FORMAT = dwarf;
				ENABLE_STRICT_OBJC_MSGSEND = YES;
				ENABLE_TESTABILITY = YES;
				GCC_C_LANGUAGE_STANDARD = gnu11;
				GCC_DYNAMIC_NO_PIC = NO;
				GCC_NO_COMMON_BLOCKS = YES;
				GCC_OPTIMIZATION_LEVEL = 0;
				GCC_PREPROCESSOR_DEFINITIONS = (
					"DEBUG=1",
					"$(inherited)",
				);
				GCC_WARN_64_TO_32_BIT_CONVERSION = YES;
				GCC_WARN_ABOUT_RETURN_TYPE = YES_ERROR;
				GCC_WARN_UNDECLARED_SELECTOR = YES;
				GCC_WARN_UNINITIALIZED_AUTOS = YES_AGGRESSIVE;
				GCC_WARN_UNUSED_FUNCTION = YES;
				GCC_WARN_UNUSED_VARIABLE = YES;
				IPHONEOS_DEPLOYMENT_TARGET = 13.4;
				MTL_ENABLE_DEBUG_INFO = INCLUDE_SOURCE;
				MTL_FAST_MATH = YES;
				ONLY_ACTIVE_ARCH = YES;
				SDKROOT = iphoneos;
				SWIFT_ACTIVE_COMPILATION_CONDITIONS = DEBUG;
				SWIFT_OPTIMIZATION_LEVEL = "-Onone";
			};
			name = Debug;
		};
		A404D622240E5A8C0048289C /* Release */ = {
			isa = XCBuildConfiguration;
			buildSettings = {
				ALWAYS_SEARCH_USER_PATHS = NO;
				CLANG_ANALYZER_NONNULL = YES;
				CLANG_ANALYZER_NUMBER_OBJECT_CONVERSION = YES_AGGRESSIVE;
				CLANG_CXX_LANGUAGE_STANDARD = "gnu++14";
				CLANG_CXX_LIBRARY = "libc++";
				CLANG_ENABLE_MODULES = YES;
				CLANG_ENABLE_OBJC_ARC = YES;
				CLANG_ENABLE_OBJC_WEAK = YES;
				CLANG_WARN_BLOCK_CAPTURE_AUTORELEASING = YES;
				CLANG_WARN_BOOL_CONVERSION = YES;
				CLANG_WARN_COMMA = YES;
				CLANG_WARN_CONSTANT_CONVERSION = YES;
				CLANG_WARN_DEPRECATED_OBJC_IMPLEMENTATIONS = YES;
				CLANG_WARN_DIRECT_OBJC_ISA_USAGE = YES_ERROR;
				CLANG_WARN_DOCUMENTATION_COMMENTS = YES;
				CLANG_WARN_EMPTY_BODY = YES;
				CLANG_WARN_ENUM_CONVERSION = YES;
				CLANG_WARN_INFINITE_RECURSION = YES;
				CLANG_WARN_INT_CONVERSION = YES;
				CLANG_WARN_NON_LITERAL_NULL_CONVERSION = YES;
				CLANG_WARN_OBJC_IMPLICIT_RETAIN_SELF = YES;
				CLANG_WARN_OBJC_LITERAL_CONVERSION = YES;
				CLANG_WARN_OBJC_ROOT_CLASS = YES_ERROR;
				CLANG_WARN_RANGE_LOOP_ANALYSIS = YES;
				CLANG_WARN_STRICT_PROTOTYPES = YES;
				CLANG_WARN_SUSPICIOUS_MOVE = YES;
				CLANG_WARN_UNGUARDED_AVAILABILITY = YES_AGGRESSIVE;
				CLANG_WARN_UNREACHABLE_CODE = YES;
				CLANG_WARN__DUPLICATE_METHOD_MATCH = YES;
				COPY_PHASE_STRIP = NO;
				DEBUG_INFORMATION_FORMAT = "dwarf-with-dsym";
				ENABLE_NS_ASSERTIONS = NO;
				ENABLE_STRICT_OBJC_MSGSEND = YES;
				GCC_C_LANGUAGE_STANDARD = gnu11;
				GCC_NO_COMMON_BLOCKS = YES;
				GCC_WARN_64_TO_32_BIT_CONVERSION = YES;
				GCC_WARN_ABOUT_RETURN_TYPE = YES_ERROR;
				GCC_WARN_UNDECLARED_SELECTOR = YES;
				GCC_WARN_UNINITIALIZED_AUTOS = YES_AGGRESSIVE;
				GCC_WARN_UNUSED_FUNCTION = YES;
				GCC_WARN_UNUSED_VARIABLE = YES;
				IPHONEOS_DEPLOYMENT_TARGET = 13.4;
				MTL_ENABLE_DEBUG_INFO = NO;
				MTL_FAST_MATH = YES;
				SDKROOT = iphoneos;
				SWIFT_COMPILATION_MODE = wholemodule;
				SWIFT_OPTIMIZATION_LEVEL = "-O";
				VALIDATE_PRODUCT = YES;
			};
			name = Release;
		};
		A404D624240E5A8C0048289C /* Debug */ = {
			isa = XCBuildConfiguration;
			buildSettings = {
				ASSETCATALOG_COMPILER_APPICON_NAME = AppIcon;
				CODE_SIGN_STYLE = Automatic;
				DEVELOPMENT_TEAM = GM6JZ3P6VD;
				INFOPLIST_FILE = SingletonApp2/Info.plist;
				LD_RUNPATH_SEARCH_PATHS = (
					"$(inherited)",
					"@executable_path/Frameworks",
				);
				PRODUCT_BUNDLE_IDENTIFIER = com.yutaudemy.SingletonApp2;
				PRODUCT_NAME = "$(TARGET_NAME)";
				SWIFT_VERSION = 5.0;
				TARGETED_DEVICE_FAMILY = 1;
			};
			name = Debug;
		};
		A404D625240E5A8C0048289C /* Release */ = {
			isa = XCBuildConfiguration;
			buildSettings = {
				ASSETCATALOG_COMPILER_APPICON_NAME = AppIcon;
				CODE_SIGN_STYLE = Automatic;
				DEVELOPMENT_TEAM = GM6JZ3P6VD;
				INFOPLIST_FILE = SingletonApp2/Info.plist;
				LD_RUNPATH_SEARCH_PATHS = (
					"$(inherited)",
					"@executable_path/Frameworks",
				);
				PRODUCT_BUNDLE_IDENTIFIER = com.yutaudemy.SingletonApp2;
				PRODUCT_NAME = "$(TARGET_NAME)";
				SWIFT_VERSION = 5.0;
				TARGETED_DEVICE_FAMILY = 1;
			};
			name = Release;
		};
/* End XCBuildConfiguration section */

/* Begin XCConfigurationList section */
		A404D60A240E5A890048289C /* Build configuration list for PBXProject "SingletonApp2" */ = {
			isa = XCConfigurationList;
			buildConfigurations = (
				A404D621240E5A8C0048289C /* Debug */,
				A404D622240E5A8C0048289C /* Release */,
			);
			defaultConfigurationIsVisible = 0;
			defaultConfigurationName = Release;
		};
		A404D623240E5A8C0048289C /* Build configuration list for PBXNativeTarget "SingletonApp2" */ = {
			isa = XCConfigurationList;
			buildConfigurations = (
				A404D624240E5A8C0048289C /* Debug */,
				A404D625240E5A8C0048289C /* Release */,
			);
			defaultConfigurationIsVisible = 0;
			defaultConfigurationName = Release;
		};
/* End XCConfigurationList section */
	};
	rootObject = A404D607240E5A890048289C /* Project object */;
}
